
Microsoft Visual Studio Solution File, Format Version 12.00
# Visual Studio Version 16
VisualStudioVersion = 16.0.32228.343
MinimumVisualStudioVersion = 10.0.40219.1
Project("{FAE04EC0-301F-11D3-BF4B-00C04F79EFBC}") = "ElasticProject.Data", "ElasticProject.Data\ElasticProject.Data.csproj", "{9F3C9D9A-18E8-4CAC-AF26-CAC3E05BC579}"
EndProject
Project("{FAE04EC0-301F-11D3-BF4B-00C04F79EFBC}") = "ElasticProject.Api", "ElasticProject.Api\ElasticProject.Api.csproj", "{170A8136-1DA1-4949-B019-44DBECA175D2}"
EndProject
Global
	GlobalSection(SolutionConfigurationPlatforms) = preSolution
		Debug|Any CPU = Debug|Any CPU
		Release|Any CPU = Release|Any CPU
	EndGlobalSection
	GlobalSection(ProjectConfigurationPlatforms) = postSolution
		{9F3C9D9A-18E8-4CAC-AF26-CAC3E05BC579}.Debug|Any CPU.ActiveCfg = Debug|Any CPU
		{9F3C9D9A-18E8-4CAC-AF26-CAC3E05BC579}.Debug|Any CPU.Build.0 = Debug|Any CPU
		{9F3C9D9A-18E8-4CAC-AF26-CAC3E05BC579}.Release|Any CPU.ActiveCfg = Release|Any CPU
		{9F3C9D9A-18E8-4CAC-AF26-CAC3E05BC579}.Release|Any CPU.Build.0 = Release|Any CPU
		{170A8136-1DA1-4949-B019-44DBECA175D2}.Debug|Any CPU.ActiveCfg = Debug|Any CPU
		{170A8136-1DA1-4949-B019-44DBECA175D2}.Debug|Any CPU.Build.0 = Debug|Any CPU
		{170A8136-1DA1-4949-B019-44DBECA175D2}.Release|Any CPU.ActiveCfg = Release|Any CPU
		{170A8136-1DA1-4949-B019-44DBECA175D2}.Release|Any CPU.Build.0 = Release|Any CPU
	EndGlobalSection
	GlobalSection(SolutionProperties) = preSolution
		HideSolutionNode = FALSE
	EndGlobalSection
	GlobalSection(ExtensibilityGlobals) = postSolution
		SolutionGuid = {F358F9CC-2420-4C7B-9E81-3D25ED78E961}
	EndGlobalSection
EndGlobal
